
Microsoft Visual Studio Solution File, Format Version 12.00
# Visual Studio Version 17
VisualStudioVersion = 17.9.34622.214
MinimumVisualStudioVersion = 10.0.40219.1
Project("{FAE04EC0-301F-11D3-BF4B-00C04F79EFBC}") = "YamSoftwareTestTask_Client", "YamSoftwareTestTask_Client\YamSoftwareTestTask_Client.csproj", "{22BD2837-1296-44E7-B1BE-CDF7628A80AA}"
EndProject
Global
	GlobalSection(SolutionConfigurationPlatforms) = preSolution
		Debug|Any CPU = Debug|Any CPU
		Release|Any CPU = Release|Any CPU
	EndGlobalSection
	GlobalSection(ProjectConfigurationPlatforms) = postSolution
		{22BD2837-1296-44E7-B1BE-CDF7628A80AA}.Debug|Any CPU.ActiveCfg = Debug|Any CPU
		{22BD2837-1296-44E7-B1BE-CDF7628A80AA}.Debug|Any CPU.Build.0 = Debug|Any CPU
		{22BD2837-1296-44E7-B1BE-CDF7628A80AA}.Release|Any CPU.ActiveCfg = Release|Any CPU
		{22BD2837-1296-44E7-B1BE-CDF7628A80AA}.Release|Any CPU.Build.0 = Release|Any CPU
	EndGlobalSection
	GlobalSection(SolutionProperties) = preSolution
		HideSolutionNode = FALSE
	EndGlobalSection
	GlobalSection(ExtensibilityGlobals) = postSolution
		SolutionGuid = {9549594B-5331-46A9-9112-72BA613CED01}
	EndGlobalSection
EndGlobal
