
Microsoft Visual Studio Solution File, Format Version 12.00
# Visual Studio Version 17
VisualStudioVersion = 17.9.34622.214
MinimumVisualStudioVersion = 10.0.40219.1
Project("{FAE04EC0-301F-11D3-BF4B-00C04F79EFBC}") = "YamSoftwareTestTaskREST_API", "YamSoftwareTestTaskREST_API\YamSoftwareTestTaskREST_API.csproj", "{25B5374B-718D-49FB-8FB6-DC5E0CDB3C74}"
EndProject
Global
	GlobalSection(SolutionConfigurationPlatforms) = preSolution
		Debug|Any CPU = Debug|Any CPU
		Release|Any CPU = Release|Any CPU
	EndGlobalSection
	GlobalSection(ProjectConfigurationPlatforms) = postSolution
		{25B5374B-718D-49FB-8FB6-DC5E0CDB3C74}.Debug|Any CPU.ActiveCfg = Debug|Any CPU
		{25B5374B-718D-49FB-8FB6-DC5E0CDB3C74}.Debug|Any CPU.Build.0 = Debug|Any CPU
		{25B5374B-718D-49FB-8FB6-DC5E0CDB3C74}.Release|Any CPU.ActiveCfg = Release|Any CPU
		{25B5374B-718D-49FB-8FB6-DC5E0CDB3C74}.Release|Any CPU.Build.0 = Release|Any CPU
	EndGlobalSection
	GlobalSection(SolutionProperties) = preSolution
		HideSolutionNode = FALSE
	EndGlobalSection
	GlobalSection(ExtensibilityGlobals) = postSolution
		SolutionGuid = {C8423931-B5CB-4B7D-B882-E4C6FD64D62F}
	EndGlobalSection
EndGlobal
